# This file is autogenerated, do not edit; changes may be undone by the next 'dep ensure'.


[[projects]]
  name = "github.com/boltdb/bolt"
  packages = ["."]
  revision = "2f1ce7a837dcb8da3ec595b1dac9d0632f0f99e8"
  version = "v1.3.1"

[[projects]]
  branch = "master"
  name = "github.com/charly3pins/libtorrent-go"
  packages = ["."]
  revision = "74b8ec5af2bb414fd7a49120860c828ad0059428"

[[projects]]
  branch = "master"
  name = "github.com/cloudflare/ahocorasick"
  packages = ["."]
  revision = "1ce46e42b741851faf33c1bf283eeae6676f70a8"

[[projects]]
  name = "github.com/dustin/go-humanize"
  packages = ["."]
  revision = "9f541cc9db5d55bce703bd99987c9d5cb8eea45e"
  version = "v1.0.0"

[[projects]]
  name = "github.com/gin-contrib/sse"
  packages = ["."]
  revision = "54d8467d122d380a14768b6b4e5cd7ca4755938f"
  version = "v0.1.0"

[[projects]]
  name = "github.com/gin-gonic/gin"
  packages = [".","binding","internal/json","render"]
  revision = "15ced05c5316609bce5b43389f8e3f06102a8b18"
  version = "v1.5.0"

[[projects]]
  name = "github.com/go-playground/locales"
  packages = [".","currency"]
  revision = "9f105231d3a5f6877a2bf8321dfa15ea6f844b1b"
  version = "v0.13.0"

[[projects]]
  name = "github.com/go-playground/universal-translator"
  packages = ["."]
  revision = "f87b1403479a348651dbf5f07f5cc6e5fcf07008"
  version = "v0.17.0"

[[projects]]
  name = "github.com/golang/protobuf"
  packages = ["proto"]
  revision = "d23c5127dc24889085f8ccea5c9d560a57a879d8"
  version = "v1.3.3"

[[projects]]
  name = "github.com/google/go-github"
  packages = ["github"]
  revision = "ab35a4779b48b6089e8d3a80cc99c544695853eb"
  version = "v29.0.2"

[[projects]]
  name = "github.com/google/go-querystring"
  packages = ["query"]
  revision = "44c6ddd0a2342c386950e880b658017258da92fc"
  version = "v1.0.0"

[[projects]]
  name = "github.com/jmcvetta/napping"
  packages = ["."]
  revision = "4c7b4b235c63152afa9a1c6384e708e0fbfd77ca"
  version = "v3.2.0"

[[projects]]
  name = "github.com/json-iterator/go"
  packages = ["."]
  revision = "acfec88f7a0d5140ace3dcdbee10184e3684a9e1"
  version = "v1.1.9"

[[projects]]
  branch = "master"
  name = "github.com/kolo/xmlrpc"
  packages = ["."]
  revision = "56d5ec7c422e68702b2cd04a3c2b3849d645f962"

[[projects]]
  name = "github.com/leodido/go-urn"
  packages = ["."]
  revision = "a0f5013415294bb94553821ace21a1a74c0298cc"
  version = "v1.2.0"

[[projects]]
  name = "github.com/mattn/go-isatty"
  packages = ["."]
  revision = "7b513a986450394f7bbf1476909911b3aa3a55ce"
  version = "v0.0.12"

[[projects]]
  name = "github.com/modern-go/concurrent"
  packages = ["."]
  revision = "bacd9c7ef1dd9b15be4a9909b8ac7a4e313eec94"
  version = "1.0.3"

[[projects]]
  name = "github.com/modern-go/reflect2"
  packages = ["."]
  revision = "4b7aa43c6742a2c18fdef89dd197aaae7dac7ccd"
  version = "1.0.1"

[[projects]]
  name = "github.com/op/go-logging"
  packages = ["."]
  revision = "b2cb9fa56473e98db8caba80237377e83fe44db5"
  version = "v1"

[[projects]]
  name = "github.com/ugorji/go"
  packages = ["codec"]
  revision = "23ab95ef5dc3b70286760af84ce2327a2b64ed62"
  version = "v1.1.7"

[[projects]]
  name = "github.com/zeebo/bencode"
  packages = ["."]
  revision = "cf5003e89e5a68181295c9383cd3329ef85549ac"
  version = "v1.0.0"

[[projects]]
  branch = "master"
  name = "golang.org/x/crypto"
  packages = ["cast5","openpgp","openpgp/armor","openpgp/elgamal","openpgp/errors","openpgp/packet","openpgp/s2k"]
  revision = "ecb85df213405b7d32e4d73cb5bbaace2ec88881"

[[projects]]
  branch = "master"
  name = "golang.org/x/sys"
  packages = ["unix"]
  revision = "d101bd2416d505c0448a6ce8a282482678040a89"

[[projects]]
  name = "golang.org/x/text"
  packages = ["internal/gen","internal/triegen","internal/ucd","transform","unicode/cldr","unicode/norm"]
  revision = "342b2e1fbaa52c93f31447ad2c6abc048c63e475"
  version = "v0.3.2"

[[projects]]
  name = "gopkg.in/go-playground/validator.v9"
  packages = ["."]
  revision = "21c910fc6d9c3556c28252b04beb17de0c2d40ec"
  version = "v9.31.0"

[[projects]]
  name = "gopkg.in/yaml.v2"
  packages = ["."]
  revision = "53403b58ad1b561927d19068c655246f2db79d48"
  version = "v2.2.8"

[solve-meta]
  analyzer-name = "dep"
  analyzer-version = 1
  inputs-digest = "22e9423dadbae44daa85dcd73e7dc5fc09adb53af1bd2ce2f6966a9d0bfb5b9a"
  solver-name = "gps-cdcl"
  solver-version = 1
